
Microsoft Visual Studio Solution File, Format Version 12.00
# Visual Studio Version 17
VisualStudioVersion = 17.5.33103.201
MinimumVisualStudioVersion = 10.0.40219.1
Project("{9A19103F-16F7-4668-BE54-9A1E7A4F7556}") = "ERPDemo.Trucks.Api", "ERPDemo.Trucks.Api\ERPDemo.Trucks.Api.csproj", "{16E9491B-6A55-4837-A88E-93E7D912BB19}"
EndProject
Project("{9A19103F-16F7-4668-BE54-9A1E7A4F7556}") = "ERPDemo.Trucks.Tests", "ERPDemo.Trucks.Tests\ERPDemo.Trucks.Tests.csproj", "{A2DBF2EB-084D-4BDA-AD2C-6F07ED3559CB}"
EndProject
Global
	GlobalSection(SolutionConfigurationPlatforms) = preSolution
		Debug|Any CPU = Debug|Any CPU
		Release|Any CPU = Release|Any CPU
	EndGlobalSection
	GlobalSection(ProjectConfigurationPlatforms) = postSolution
		{16E9491B-6A55-4837-A88E-93E7D912BB19}.Debug|Any CPU.ActiveCfg = Debug|Any CPU
		{16E9491B-6A55-4837-A88E-93E7D912BB19}.Debug|Any CPU.Build.0 = Debug|Any CPU
		{16E9491B-6A55-4837-A88E-93E7D912BB19}.Release|Any CPU.ActiveCfg = Release|Any CPU
		{16E9491B-6A55-4837-A88E-93E7D912BB19}.Release|Any CPU.Build.0 = Release|Any CPU
		{A2DBF2EB-084D-4BDA-AD2C-6F07ED3559CB}.Debug|Any CPU.ActiveCfg = Debug|Any CPU
		{A2DBF2EB-084D-4BDA-AD2C-6F07ED3559CB}.Debug|Any CPU.Build.0 = Debug|Any CPU
		{A2DBF2EB-084D-4BDA-AD2C-6F07ED3559CB}.Release|Any CPU.ActiveCfg = Release|Any CPU
		{A2DBF2EB-084D-4BDA-AD2C-6F07ED3559CB}.Release|Any CPU.Build.0 = Release|Any CPU
	EndGlobalSection
	GlobalSection(SolutionProperties) = preSolution
		HideSolutionNode = FALSE
	EndGlobalSection
	GlobalSection(ExtensibilityGlobals) = postSolution
		SolutionGuid = {B28B9C1A-ACCD-4133-94EF-53BB850D1A57}
	EndGlobalSection
EndGlobal
